
Microsoft Visual Studio Solution File, Format Version 12.00
# Visual Studio Version 17
VisualStudioVersion = 17.13.35931.197 d17.13
MinimumVisualStudioVersion = 10.0.40219.1
Project("{FAE04EC0-301F-11D3-BF4B-00C04F79EFBC}") = "DtdLesson05", "DtdLesson05\DtdLesson05.csproj", "{8FF42FF4-F55F-4B43-84A7-394A5DF58375}"
EndProject
Global
	GlobalSection(SolutionConfigurationPlatforms) = preSolution
		Debug|Any CPU = Debug|Any CPU
		Release|Any CPU = Release|Any CPU
	EndGlobalSection
	GlobalSection(ProjectConfigurationPlatforms) = postSolution
		{8FF42FF4-F55F-4B43-84A7-394A5DF58375}.Debug|Any CPU.ActiveCfg = Debug|Any CPU
		{8FF42FF4-F55F-4B43-84A7-394A5DF58375}.Debug|Any CPU.Build.0 = Debug|Any CPU
		{8FF42FF4-F55F-4B43-84A7-394A5DF58375}.Release|Any CPU.ActiveCfg = Release|Any CPU
		{8FF42FF4-F55F-4B43-84A7-394A5DF58375}.Release|Any CPU.Build.0 = Release|Any CPU
	EndGlobalSection
	GlobalSection(SolutionProperties) = preSolution
		HideSolutionNode = FALSE
	EndGlobalSection
	GlobalSection(ExtensibilityGlobals) = postSolution
		SolutionGuid = {0D847A36-6940-47AC-B964-CC4A6FD62DC2}
	EndGlobalSection
EndGlobal
