
Microsoft Visual Studio Solution File, Format Version 12.00
# Visual Studio Version 17
VisualStudioVersion = 17.13.35931.197
MinimumVisualStudioVersion = 10.0.40219.1
Project("{FAE04EC0-301F-11D3-BF4B-00C04F79EFBC}") = "Dtd2310900027", "Dtd2310900027\Dtd2310900027.csproj", "{8B058155-3E20-4D8F-AD85-664349038EEA}"
EndProject
Global
	GlobalSection(SolutionConfigurationPlatforms) = preSolution
		Debug|Any CPU = Debug|Any CPU
		Release|Any CPU = Release|Any CPU
	EndGlobalSection
	GlobalSection(ProjectConfigurationPlatforms) = postSolution
		{8B058155-3E20-4D8F-AD85-664349038EEA}.Debug|Any CPU.ActiveCfg = Debug|Any CPU
		{8B058155-3E20-4D8F-AD85-664349038EEA}.Debug|Any CPU.Build.0 = Debug|Any CPU
		{8B058155-3E20-4D8F-AD85-664349038EEA}.Release|Any CPU.ActiveCfg = Release|Any CPU
		{8B058155-3E20-4D8F-AD85-664349038EEA}.Release|Any CPU.Build.0 = Release|Any CPU
	EndGlobalSection
	GlobalSection(SolutionProperties) = preSolution
		HideSolutionNode = FALSE
	EndGlobalSection
	GlobalSection(ExtensibilityGlobals) = postSolution
		SolutionGuid = {FC53A569-0CF6-4377-8E2C-C609E4E631E2}
	EndGlobalSection
EndGlobal
