
Microsoft Visual Studio Solution File, Format Version 12.00
# Visual Studio Version 17
VisualStudioVersion = 17.13.35931.197 d17.13
MinimumVisualStudioVersion = 10.0.40219.1
Project("{FAE04EC0-301F-11D3-BF4B-00C04F79EFBC}") = "DtdLesson09", "DtdLesson09\DtdLesson09.csproj", "{C273AD6F-D2A2-44C2-9810-5BD595B9E6B2}"
EndProject
Global
	GlobalSection(SolutionConfigurationPlatforms) = preSolution
		Debug|Any CPU = Debug|Any CPU
		Release|Any CPU = Release|Any CPU
	EndGlobalSection
	GlobalSection(ProjectConfigurationPlatforms) = postSolution
		{C273AD6F-D2A2-44C2-9810-5BD595B9E6B2}.Debug|Any CPU.ActiveCfg = Debug|Any CPU
		{C273AD6F-D2A2-44C2-9810-5BD595B9E6B2}.Debug|Any CPU.Build.0 = Debug|Any CPU
		{C273AD6F-D2A2-44C2-9810-5BD595B9E6B2}.Release|Any CPU.ActiveCfg = Release|Any CPU
		{C273AD6F-D2A2-44C2-9810-5BD595B9E6B2}.Release|Any CPU.Build.0 = Release|Any CPU
	EndGlobalSection
	GlobalSection(SolutionProperties) = preSolution
		HideSolutionNode = FALSE
	EndGlobalSection
	GlobalSection(ExtensibilityGlobals) = postSolution
		SolutionGuid = {D5FCB969-E154-4CD3-8109-0A87C18B38EE}
	EndGlobalSection
EndGlobal
